
Microsoft Visual Studio Solution File, Format Version 12.00
# Visual Studio Version 17
VisualStudioVersion = 17.5.33424.131
MinimumVisualStudioVersion = 10.0.40219.1
Project("{FAE04EC0-301F-11D3-BF4B-00C04F79EFBC}") = "Munan.RabbitMqEvent", "Munan.RabbitMqEvent.csproj", "{01FD67BA-FEFB-4B54-8307-486EE2AC3AF3}"
EndProject
Global
	GlobalSection(SolutionConfigurationPlatforms) = preSolution
		Debug|Any CPU = Debug|Any CPU
		Release|Any CPU = Release|Any CPU
	EndGlobalSection
	GlobalSection(ProjectConfigurationPlatforms) = postSolution
		{01FD67BA-FEFB-4B54-8307-486EE2AC3AF3}.Debug|Any CPU.ActiveCfg = Debug|Any CPU
		{01FD67BA-FEFB-4B54-8307-486EE2AC3AF3}.Debug|Any CPU.Build.0 = Debug|Any CPU
		{01FD67BA-FEFB-4B54-8307-486EE2AC3AF3}.Release|Any CPU.ActiveCfg = Release|Any CPU
		{01FD67BA-FEFB-4B54-8307-486EE2AC3AF3}.Release|Any CPU.Build.0 = Release|Any CPU
	EndGlobalSection
	GlobalSection(SolutionProperties) = preSolution
		HideSolutionNode = FALSE
	EndGlobalSection
	GlobalSection(ExtensibilityGlobals) = postSolution
		SolutionGuid = {8F7457AF-E941-45B2-B1BA-8C9B4EA59DD1}
	EndGlobalSection
EndGlobal
